// !$*UTF8*$!
{
	archiveVersion = 1;
	classes = {
	};
	objectVersion = 48;
	objects = {

/* Begin PBXBuildFile section */
		1ACEF66B217BBA76003522C4 /* HIDManager.swift in Sources */ = {isa = PBXBuildFile; fileRef = 1ACEF65C217BBA75003522C4 /* HIDManager.swift */; };
		1ACEF66C217BBA76003522C4 /* HIDReportType.swift in Sources */ = {isa = PBXBuildFile; fileRef = 1ACEF65D217BBA76003522C4 /* HIDReportType.swift */; };
		1ACEF66D217BBA76003522C4 /* HIDValue.swift in Sources */ = {isa = PBXBuildFile; fileRef = 1ACEF65E217BBA76003522C4 /* HIDValue.swift */; };
		1ACEF66E217BBA76003522C4 /* Allocator.swift in Sources */ = {isa = PBXBuildFile; fileRef = 1ACEF65F217BBA76003522C4 /* Allocator.swift */; };
		1ACEF670217BBA76003522C4 /* HIDTransaction.swift in Sources */ = {isa = PBXBuildFile; fileRef = 1ACEF661217BBA76003522C4 /* HIDTransaction.swift */; };
		1ACEF671217BBA76003522C4 /* Utils.swift in Sources */ = {isa = PBXBuildFile; fileRef = 1ACEF662217BBA76003522C4 /* Utils.swift */; };
		1ACEF672217BBA76003522C4 /* WeakArray.swift in Sources */ = {isa = PBXBuildFile; fileRef = 1ACEF663217BBA76003522C4 /* WeakArray.swift */; };
		1ACEF673217BBA76003522C4 /* HIDDeviceProperty.swift in Sources */ = {isa = PBXBuildFile; fileRef = 1ACEF664217BBA76003522C4 /* HIDDeviceProperty.swift */; };
		1ACEF674217BBA76003522C4 /* HIDElement.swift in Sources */ = {isa = PBXBuildFile; fileRef = 1ACEF665217BBA76003522C4 /* HIDElement.swift */; };
		1ACEF675217BBA76003522C4 /* HIDQueue.swift in Sources */ = {isa = PBXBuildFile; fileRef = 1ACEF666217BBA76003522C4 /* HIDQueue.swift */; };
		1ACEF676217BBA76003522C4 /* HIDOptions.swift in Sources */ = {isa = PBXBuildFile; fileRef = 1ACEF667217BBA76003522C4 /* HIDOptions.swift */; };
		1ACEF677217BBA76003522C4 /* Return.swift in Sources */ = {isa = PBXBuildFile; fileRef = 1ACEF668217BBA76003522C4 /* Return.swift */; };
		1ACEF678217BBA76003522C4 /* HIDDevice.swift in Sources */ = {isa = PBXBuildFile; fileRef = 1ACEF669217BBA76003522C4 /* HIDDevice.swift */; };
		1ACEF679217BBA76003522C4 /* HIDUsage.swift in Sources */ = {isa = PBXBuildFile; fileRef = 1ACEF66A217BBA76003522C4 /* HIDUsage.swift */; };
/* End PBXBuildFile section */

/* Begin PBXFileReference section */
		1ACEF64F217BBA16003522C4 /* libSwiftyHID.dylib */ = {isa = PBXFileReference; explicitFileType = "compiled.mach-o.dylib"; includeInIndex = 0; path = libSwiftyHID.dylib; sourceTree = BUILT_PRODUCTS_DIR; };
		1ACEF65B217BBA75003522C4 /* SwiftyHID-Bridging-Header.h */ = {isa = PBXFileReference; lastKnownFileType = sourcecode.c.h; path = "SwiftyHID-Bridging-Header.h"; sourceTree = "<group>"; };
		1ACEF65C217BBA75003522C4 /* HIDManager.swift */ = {isa = PBXFileReference; fileEncoding = 4; lastKnownFileType = sourcecode.swift; path = HIDManager.swift; sourceTree = "<group>"; };
		1ACEF65D217BBA76003522C4 /* HIDReportType.swift */ = {isa = PBXFileReference; fileEncoding = 4; lastKnownFileType = sourcecode.swift; path = HIDReportType.swift; sourceTree = "<group>"; };
		1ACEF65E217BBA76003522C4 /* HIDValue.swift */ = {isa = PBXFileReference; fileEncoding = 4; lastKnownFileType = sourcecode.swift; path = HIDValue.swift; sourceTree = "<group>"; };
		1ACEF65F217BBA76003522C4 /* Allocator.swift */ = {isa = PBXFileReference; fileEncoding = 4; lastKnownFileType = sourcecode.swift; path = Allocator.swift; sourceTree = "<group>"; };
		1ACEF661217BBA76003522C4 /* HIDTransaction.swift */ = {isa = PBXFileReference; fileEncoding = 4; lastKnownFileType = sourcecode.swift; path = HIDTransaction.swift; sourceTree = "<group>"; };
		1ACEF662217BBA76003522C4 /* Utils.swift */ = {isa = PBXFileReference; fileEncoding = 4; lastKnownFileType = sourcecode.swift; path = Utils.swift; sourceTree = "<group>"; };
		1ACEF663217BBA76003522C4 /* WeakArray.swift */ = {isa = PBXFileReference; fileEncoding = 4; lastKnownFileType = sourcecode.swift; path = WeakArray.swift; sourceTree = "<group>"; };
		1ACEF664217BBA76003522C4 /* HIDDeviceProperty.swift */ = {isa = PBXFileReference; fileEncoding = 4; lastKnownFileType = sourcecode.swift; path = HIDDeviceProperty.swift; sourceTree = "<group>"; };
		1ACEF665217BBA76003522C4 /* HIDElement.swift */ = {isa = PBXFileReference; fileEncoding = 4; lastKnownFileType = sourcecode.swift; path = HIDElement.swift; sourceTree = "<group>"; };
		1ACEF666217BBA76003522C4 /* HIDQueue.swift */ = {isa = PBXFileReference; fileEncoding = 4; lastKnownFileType = sourcecode.swift; path = HIDQueue.swift; sourceTree = "<group>"; };
		1ACEF667217BBA76003522C4 /* HIDOptions.swift */ = {isa = PBXFileReference; fileEncoding = 4; lastKnownFileType = sourcecode.swift; path = HIDOptions.swift; sourceTree = "<group>"; };
		1ACEF668217BBA76003522C4 /* Return.swift */ = {isa = PBXFileReference; fileEncoding = 4; lastKnownFileType = sourcecode.swift; path = Return.swift; sourceTree = "<group>"; };
		1ACEF669217BBA76003522C4 /* HIDDevice.swift */ = {isa = PBXFileReference; fileEncoding = 4; lastKnownFileType = sourcecode.swift; path = HIDDevice.swift; sourceTree = "<group>"; };
		1ACEF66A217BBA76003522C4 /* HIDUsage.swift */ = {isa = PBXFileReference; fileEncoding = 4; lastKnownFileType = sourcecode.swift; path = HIDUsage.swift; sourceTree = "<group>"; };
/* End PBXFileReference section */

/* Begin PBXFrameworksBuildPhase section */
		1ACEF64C217BBA16003522C4 /* Frameworks */ = {
			isa = PBXFrameworksBuildPhase;
			buildActionMask = 2147483647;
			files = (
			);
			runOnlyForDeploymentPostprocessing = 0;
		};
/* End PBXFrameworksBuildPhase section */

/* Begin PBXGroup section */
		1ACEF646217BBA16003522C4 = {
			isa = PBXGroup;
			children = (
				1ACEF651217BBA16003522C4 /* SwiftyHID */,
				1ACEF650217BBA16003522C4 /* Products */,
			);
			sourceTree = "<group>";
		};
		1ACEF650217BBA16003522C4 /* Products */ = {
			isa = PBXGroup;
			children = (
				1ACEF64F217BBA16003522C4 /* libSwiftyHID.dylib */,
			);
			name = Products;
			sourceTree = "<group>";
		};
		1ACEF651217BBA16003522C4 /* SwiftyHID */ = {
			isa = PBXGroup;
			children = (
				1ACEF65F217BBA76003522C4 /* Allocator.swift */,
				1ACEF669217BBA76003522C4 /* HIDDevice.swift */,
				1ACEF664217BBA76003522C4 /* HIDDeviceProperty.swift */,
				1ACEF665217BBA76003522C4 /* HIDElement.swift */,
				1ACEF65C217BBA75003522C4 /* HIDManager.swift */,
				1ACEF667217BBA76003522C4 /* HIDOptions.swift */,
				1ACEF666217BBA76003522C4 /* HIDQueue.swift */,
				1ACEF65D217BBA76003522C4 /* HIDReportType.swift */,
				1ACEF661217BBA76003522C4 /* HIDTransaction.swift */,
				1ACEF66A217BBA76003522C4 /* HIDUsage.swift */,
				1ACEF65E217BBA76003522C4 /* HIDValue.swift */,
				1ACEF668217BBA76003522C4 /* Return.swift */,
				1ACEF662217BBA76003522C4 /* Utils.swift */,
				1ACEF663217BBA76003522C4 /* WeakArray.swift */,
				1ACEF65B217BBA75003522C4 /* SwiftyHID-Bridging-Header.h */,
			);
			path = SwiftyHID;
			sourceTree = "<group>";
		};
/* End PBXGroup section */

/* Begin PBXHeadersBuildPhase section */
		1ACEF64D217BBA16003522C4 /* Headers */ = {
			isa = PBXHeadersBuildPhase;
			buildActionMask = 2147483647;
			files = (
			);
			runOnlyForDeploymentPostprocessing = 0;
		};
/* End PBXHeadersBuildPhase section */

/* Begin PBXNativeTarget section */
		1ACEF64E217BBA16003522C4 /* SwiftyHID */ = {
			isa = PBXNativeTarget;
			buildConfigurationList = 1ACEF658217BBA16003522C4 /* Build configuration list for PBXNativeTarget "SwiftyHID" */;
			buildPhases = (
				1ACEF64B217BBA16003522C4 /* Sources */,
				1ACEF64C217BBA16003522C4 /* Frameworks */,
				1ACEF64D217BBA16003522C4 /* Headers */,
			);
			buildRules = (
			);
			dependencies = (
			);
			name = SwiftyHID;
			productName = SwiftyHID;
			productReference = 1ACEF64F217BBA16003522C4 /* libSwiftyHID.dylib */;
			productType = "com.apple.product-type.library.dynamic";
		};
/* End PBXNativeTarget section */

/* Begin PBXProject section */
		1ACEF647217BBA16003522C4 /* Project object */ = {
			isa = PBXProject;
			attributes = {
				LastUpgradeCheck = 0920;
				ORGANIZATIONNAME = "James Linnell";
				TargetAttributes = {
					1ACEF64E217BBA16003522C4 = {
						CreatedOnToolsVersion = 9.2;
						LastSwiftMigration = 0920;
						ProvisioningStyle = Automatic;
					};
				};
			};
			buildConfigurationList = 1ACEF64A217BBA16003522C4 /* Build configuration list for PBXProject "SwiftyHID" */;
			compatibilityVersion = "Xcode 8.0";
			developmentRegion = en;
			hasScannedForEncodings = 0;
			knownRegions = (
				en,
			);
			mainGroup = 1ACEF646217BBA16003522C4;
			productRefGroup = 1ACEF650217BBA16003522C4 /* Products */;
			projectDirPath = "";
			projectRoot = "";
			targets = (
				1ACEF64E217BBA16003522C4 /* SwiftyHID */,
			);
		};
/* End PBXProject section */

/* Begin PBXSourcesBuildPhase section */
		1ACEF64B217BBA16003522C4 /* Sources */ = {
			isa = PBXSourcesBuildPhase;
			buildActionMask = 2147483647;
			files = (
				1ACEF679217BBA76003522C4 /* HIDUsage.swift in Sources */,
				1ACEF670217BBA76003522C4 /* HIDTransaction.swift in Sources */,
				1ACEF672217BBA76003522C4 /* WeakArray.swift in Sources */,
				1ACEF66D217BBA76003522C4 /* HIDValue.swift in Sources */,
				1ACEF678217BBA76003522C4 /* HIDDevice.swift in Sources */,
				1ACEF66B217BBA76003522C4 /* HIDManager.swift in Sources */,
				1ACEF675217BBA76003522C4 /* HIDQueue.swift in Sources */,
				1ACEF677217BBA76003522C4 /* Return.swift in Sources */,
				1ACEF671217BBA76003522C4 /* Utils.swift in Sources */,
				1ACEF66C217BBA76003522C4 /* HIDReportType.swift in Sources */,
				1ACEF676217BBA76003522C4 /* HIDOptions.swift in Sources */,
				1ACEF66E217BBA76003522C4 /* Allocator.swift in Sources */,
				1ACEF674217BBA76003522C4 /* HIDElement.swift in Sources */,
				1ACEF673217BBA76003522C4 /* HIDDeviceProperty.swift in Sources */,
			);
			runOnlyForDeploymentPostprocessing = 0;
		};
/* End PBXSourcesBuildPhase section */

/* Begin XCBuildConfiguration section */
		1ACEF656217BBA16003522C4 /* Debug */ = {
			isa = XCBuildConfiguration;
			buildSettings = {
				ALWAYS_SEARCH_USER_PATHS = NO;
				CLANG_ANALYZER_NONNULL = YES;
				CLANG_ANALYZER_NUMBER_OBJECT_CONVERSION = YES_AGGRESSIVE;
				CLANG_CXX_LANGUAGE_STANDARD = "gnu++14";
				CLANG_CXX_LIBRARY = "libc++";
				CLANG_ENABLE_MODULES = YES;
				CLANG_ENABLE_OBJC_ARC = YES;
				CLANG_WARN_BLOCK_CAPTURE_AUTORELEASING = YES;
				CLANG_WARN_BOOL_CONVERSION = YES;
				CLANG_WARN_COMMA = YES;
				CLANG_WARN_CONSTANT_CONVERSION = YES;
				CLANG_WARN_DIRECT_OBJC_ISA_USAGE = YES_ERROR;
				CLANG_WARN_DOCUMENTATION_COMMENTS = YES;
				CLANG_WARN_EMPTY_BODY = YES;
				CLANG_WARN_ENUM_CONVERSION = YES;
				CLANG_WARN_INFINITE_RECURSION = YES;
				CLANG_WARN_INT_CONVERSION = YES;
				CLANG_WARN_NON_LITERAL_NULL_CONVERSION = YES;
				CLANG_WARN_OBJC_LITERAL_CONVERSION = YES;
				CLANG_WARN_OBJC_ROOT_CLASS = YES_ERROR;
				CLANG_WARN_RANGE_LOOP_ANALYSIS = YES;
				CLANG_WARN_STRICT_PROTOTYPES = YES;
				CLANG_WARN_SUSPICIOUS_MOVE = YES;
				CLANG_WARN_UNGUARDED_AVAILABILITY = YES_AGGRESSIVE;
				CLANG_WARN_UNREACHABLE_CODE = YES;
				CLANG_WARN__DUPLICATE_METHOD_MATCH = YES;
				CODE_SIGN_IDENTITY = "Mac Developer";
				COPY_PHASE_STRIP = NO;
				DEBUG_INFORMATION_FORMAT = dwarf;
				ENABLE_STRICT_OBJC_MSGSEND = YES;
				ENABLE_TESTABILITY = YES;
				GCC_C_LANGUAGE_STANDARD = gnu11;
				GCC_DYNAMIC_NO_PIC = NO;
				GCC_NO_COMMON_BLOCKS = YES;
				GCC_OPTIMIZATION_LEVEL = 0;
				GCC_PREPROCESSOR_DEFINITIONS = (
					"DEBUG=1",
					"$(inherited)",
				);
				GCC_WARN_64_TO_32_BIT_CONVERSION = YES;
				GCC_WARN_ABOUT_RETURN_TYPE = YES_ERROR;
				GCC_WARN_UNDECLARED_SELECTOR = YES;
				GCC_WARN_UNINITIALIZED_AUTOS = YES_AGGRESSIVE;
				GCC_WARN_UNUSED_FUNCTION = YES;
				GCC_WARN_UNUSED_VARIABLE = YES;
				MACOSX_DEPLOYMENT_TARGET = 10.13;
				MTL_ENABLE_DEBUG_INFO = YES;
				ONLY_ACTIVE_ARCH = YES;
				SDKROOT = macosx;
			};
			name = Debug;
		};
		1ACEF657217BBA16003522C4 /* Release */ = {
			isa = XCBuildConfiguration;
			buildSettings = {
				ALWAYS_SEARCH_USER_PATHS = NO;
				CLANG_ANALYZER_NONNULL = YES;
				CLANG_ANALYZER_NUMBER_OBJECT_CONVERSION = YES_AGGRESSIVE;
				CLANG_CXX_LANGUAGE_STANDARD = "gnu++14";
				CLANG_CXX_LIBRARY = "libc++";
				CLANG_ENABLE_MODULES = YES;
				CLANG_ENABLE_OBJC_ARC = YES;
				CLANG_WARN_BLOCK_CAPTURE_AUTORELEASING = YES;
				CLANG_WARN_BOOL_CONVERSION = YES;
				CLANG_WARN_COMMA = YES;
				CLANG_WARN_CONSTANT_CONVERSION = YES;
				CLANG_WARN_DIRECT_OBJC_ISA_USAGE = YES_ERROR;
				CLANG_WARN_DOCUMENTATION_COMMENTS = YES;
				CLANG_WARN_EMPTY_BODY = YES;
				CLANG_WARN_ENUM_CONVERSION = YES;
				CLANG_WARN_INFINITE_RECURSION = YES;
				CLANG_WARN_INT_CONVERSION = YES;
				CLANG_WARN_NON_LITERAL_NULL_CONVERSION = YES;
				CLANG_WARN_OBJC_LITERAL_CONVERSION = YES;
				CLANG_WARN_OBJC_ROOT_CLASS = YES_ERROR;
				CLANG_WARN_RANGE_LOOP_ANALYSIS = YES;
				CLANG_WARN_STRICT_PROTOTYPES = YES;
				CLANG_WARN_SUSPICIOUS_MOVE = YES;
				CLANG_WARN_UNGUARDED_AVAILABILITY = YES_AGGRESSIVE;
				CLANG_WARN_UNREACHABLE_CODE = YES;
				CLANG_WARN__DUPLICATE_METHOD_MATCH = YES;
				CODE_SIGN_IDENTITY = "Mac Developer";
				COPY_PHASE_STRIP = NO;
				DEBUG_INFORMATION_FORMAT = "dwarf-with-dsym";
				ENABLE_NS_ASSERTIONS = NO;
				ENABLE_STRICT_OBJC_MSGSEND = YES;
				GCC_C_LANGUAGE_STANDARD = gnu11;
				GCC_NO_COMMON_BLOCKS = YES;
				GCC_WARN_64_TO_32_BIT_CONVERSION = YES;
				GCC_WARN_ABOUT_RETURN_TYPE = YES_ERROR;
				GCC_WARN_UNDECLARED_SELECTOR = YES;
				GCC_WARN_UNINITIALIZED_AUTOS = YES_AGGRESSIVE;
				GCC_WARN_UNUSED_FUNCTION = YES;
				GCC_WARN_UNUSED_VARIABLE = YES;
				MACOSX_DEPLOYMENT_TARGET = 10.13;
				MTL_ENABLE_DEBUG_INFO = NO;
				SDKROOT = macosx;
			};
			name = Release;
		};
		1ACEF659217BBA16003522C4 /* Debug */ = {
			isa = XCBuildConfiguration;
			buildSettings = {
				CLANG_ENABLE_MODULES = YES;
				CODE_SIGN_STYLE = Automatic;
				DEVELOPMENT_TEAM = 2TJ5K7WSP8;
				DYLIB_COMPATIBILITY_VERSION = 1;
				DYLIB_CURRENT_VERSION = 1;
				EXECUTABLE_PREFIX = lib;
				LD_RUNPATH_SEARCH_PATHS = "$(inherited) @executable_path/../Frameworks @loader_path/../Frameworks";
				PRODUCT_NAME = "$(TARGET_NAME)";
				SWIFT_OBJC_BRIDGING_HEADER = "SwiftyHID/SwiftyHID-Bridging-Header.h";
				SWIFT_OPTIMIZATION_LEVEL = "-Onone";
				SWIFT_VERSION = 3.0;
			};
			name = Debug;
		};
		1ACEF65A217BBA16003522C4 /* Release */ = {
			isa = XCBuildConfiguration;
			buildSettings = {
				CLANG_ENABLE_MODULES = YES;
				CODE_SIGN_STYLE = Automatic;
				DEVELOPMENT_TEAM = 2TJ5K7WSP8;
				DYLIB_COMPATIBILITY_VERSION = 1;
				DYLIB_CURRENT_VERSION = 1;
				EXECUTABLE_PREFIX = lib;
				LD_RUNPATH_SEARCH_PATHS = "$(inherited) @executable_path/../Frameworks @loader_path/../Frameworks";
				PRODUCT_NAME = "$(TARGET_NAME)";
				SWIFT_OBJC_BRIDGING_HEADER = "SwiftyHID/SwiftyHID-Bridging-Header.h";
				SWIFT_VERSION = 3.0;
			};
			name = Release;
		};
/* End XCBuildConfiguration section */

/* Begin XCConfigurationList section */
		1ACEF64A217BBA16003522C4 /* Build configuration list for PBXProject "SwiftyHID" */ = {
			isa = XCConfigurationList;
			buildConfigurations = (
				1ACEF656217BBA16003522C4 /* Debug */,
				1ACEF657217BBA16003522C4 /* Release */,
			);
			defaultConfigurationIsVisible = 0;
			defaultConfigurationName = Release;
		};
		1ACEF658217BBA16003522C4 /* Build configuration list for PBXNativeTarget "SwiftyHID" */ = {
			isa = XCConfigurationList;
			buildConfigurations = (
				1ACEF659217BBA16003522C4 /* Debug */,
				1ACEF65A217BBA16003522C4 /* Release */,
			);
			defaultConfigurationIsVisible = 0;
			defaultConfigurationName = Release;
		};
/* End XCConfigurationList section */
	};
	rootObject = 1ACEF647217BBA16003522C4 /* Project object */;
}
